// !$*UTF8*$!
{
	archiveVersion = 1;
	classes = {
	};
	objectVersion = 56;
	objects = {

/* Begin PBXBuildFile section */
		AD21F7A22B9F588A0097DCEB /* FirebaseAnalytics in Frameworks */ = {isa = PBXBuildFile; productRef = AD21F7A12B9F588A0097DCEB /* FirebaseAnalytics */; };
		AD21F7A42B9F588A0097DCEB /* FirebaseAnalyticsOnDeviceConversion in Frameworks */ = {isa = PBXBuildFile; productRef = AD21F7A32B9F588A0097DCEB /* FirebaseAnalyticsOnDeviceConversion */; };
		AD21F7A62B9F588A0097DCEB /* FirebaseAnalyticsSwift in Frameworks */ = {isa = PBXBuildFile; productRef = AD21F7A52B9F588A0097DCEB /* FirebaseAnalyticsSwift */; };
		AD21F7A82B9F588A0097DCEB /* FirebaseAnalyticsWithoutAdIdSupport in Frameworks */ = {isa = PBXBuildFile; productRef = AD21F7A72B9F588A0097DCEB /* FirebaseAnalyticsWithoutAdIdSupport */; };
		AD21F7AA2B9F588A0097DCEB /* FirebaseAppCheck in Frameworks */ = {isa = PBXBuildFile; productRef = AD21F7A92B9F588A0097DCEB /* FirebaseAppCheck */; };
		AD21F7AC2B9F588A0097DCEB /* FirebaseAppDistribution-Beta in Frameworks */ = {isa = PBXBuildFile; productRef = AD21F7AB2B9F588A0097DCEB /* FirebaseAppDistribution-Beta */; };
		AD21F7AE2B9F588A0097DCEB /* FirebaseAuth in Frameworks */ = {isa = PBXBuildFile; productRef = AD21F7AD2B9F588A0097DCEB /* FirebaseAuth */; };
		AD21F7B02B9F588A0097DCEB /* FirebaseAuthCombine-Community in Frameworks */ = {isa = PBXBuildFile; productRef = AD21F7AF2B9F588A0097DCEB /* FirebaseAuthCombine-Community */; };
		AD21F7B22B9F588A0097DCEB /* FirebaseCrashlytics in Frameworks */ = {isa = PBXBuildFile; productRef = AD21F7B12B9F588A0097DCEB /* FirebaseCrashlytics */; };
		AD21F7B42B9F588A0097DCEB /* FirebaseDatabase in Frameworks */ = {isa = PBXBuildFile; productRef = AD21F7B32B9F588A0097DCEB /* FirebaseDatabase */; };
		AD21F7B62B9F588A0097DCEB /* FirebaseDatabaseSwift in Frameworks */ = {isa = PBXBuildFile; productRef = AD21F7B52B9F588A0097DCEB /* FirebaseDatabaseSwift */; };
		AD21F7B82B9F588A0097DCEB /* FirebaseDynamicLinks in Frameworks */ = {isa = PBXBuildFile; productRef = AD21F7B72B9F588A0097DCEB /* FirebaseDynamicLinks */; };
		AD21F7BA2B9F588A0097DCEB /* FirebaseFirestore in Frameworks */ = {isa = PBXBuildFile; productRef = AD21F7B92B9F588A0097DCEB /* FirebaseFirestore */; };
		AD21F7BC2B9F588A0097DCEB /* FirebaseFirestoreCombine-Community in Frameworks */ = {isa = PBXBuildFile; productRef = AD21F7BB2B9F588A0097DCEB /* FirebaseFirestoreCombine-Community */; };
		AD21F7BE2B9F588A0097DCEB /* FirebaseFirestoreSwift in Frameworks */ = {isa = PBXBuildFile; productRef = AD21F7BD2B9F588A0097DCEB /* FirebaseFirestoreSwift */; };
		AD21F7C02B9F588A0097DCEB /* FirebaseFunctions in Frameworks */ = {isa = PBXBuildFile; productRef = AD21F7BF2B9F588A0097DCEB /* FirebaseFunctions */; };
		AD21F7C22B9F588A0097DCEB /* FirebaseFunctionsCombine-Community in Frameworks */ = {isa = PBXBuildFile; productRef = AD21F7C12B9F588A0097DCEB /* FirebaseFunctionsCombine-Community */; };
		AD21F7C42B9F588A0097DCEB /* FirebaseInAppMessaging-Beta in Frameworks */ = {isa = PBXBuildFile; productRef = AD21F7C32B9F588A0097DCEB /* FirebaseInAppMessaging-Beta */; };
		AD21F7C62B9F588A0097DCEB /* FirebaseInAppMessagingSwift-Beta in Frameworks */ = {isa = PBXBuildFile; productRef = AD21F7C52B9F588A0097DCEB /* FirebaseInAppMessagingSwift-Beta */; };
		AD21F7C82B9F588A0097DCEB /* FirebaseInstallations in Frameworks */ = {isa = PBXBuildFile; productRef = AD21F7C72B9F588A0097DCEB /* FirebaseInstallations */; };
		AD21F7CA2B9F588A0097DCEB /* FirebaseMLModelDownloader in Frameworks */ = {isa = PBXBuildFile; productRef = AD21F7C92B9F588A0097DCEB /* FirebaseMLModelDownloader */; };
		AD21F7CC2B9F588A0097DCEB /* FirebaseMessaging in Frameworks */ = {isa = PBXBuildFile; productRef = AD21F7CB2B9F588A0097DCEB /* FirebaseMessaging */; };
		AD21F7CE2B9F588A0097DCEB /* FirebasePerformance in Frameworks */ = {isa = PBXBuildFile; productRef = AD21F7CD2B9F588A0097DCEB /* FirebasePerformance */; };
		AD21F7D02B9F588A0097DCEB /* FirebaseRemoteConfig in Frameworks */ = {isa = PBXBuildFile; productRef = AD21F7CF2B9F588A0097DCEB /* FirebaseRemoteConfig */; };
		AD21F7D22B9F588A0097DCEB /* FirebaseRemoteConfigSwift in Frameworks */ = {isa = PBXBuildFile; productRef = AD21F7D12B9F588A0097DCEB /* FirebaseRemoteConfigSwift */; };
		AD21F7D42B9F588A0097DCEB /* FirebaseStorage in Frameworks */ = {isa = PBXBuildFile; productRef = AD21F7D32B9F588A0097DCEB /* FirebaseStorage */; };
		AD21F7D62B9F588A0097DCEB /* FirebaseStorageCombine-Community in Frameworks */ = {isa = PBXBuildFile; productRef = AD21F7D52B9F588A0097DCEB /* FirebaseStorageCombine-Community */; };
		AD4897A729B9CF04004E2B2F /* Kingfisher in Frameworks */ = {isa = PBXBuildFile; productRef = AD4897A629B9CF04004E2B2F /* Kingfisher */; };
		AD4897AA29B9CF22004E2B2F /* PopupView in Frameworks */ = {isa = PBXBuildFile; productRef = AD4897A929B9CF22004E2B2F /* PopupView */; };
		AD7637562BA62372007552E1 /* CustomSidebarMenu.swift in Sources */ = {isa = PBXBuildFile; fileRef = AD7637552BA62372007552E1 /* CustomSidebarMenu.swift */; };
		AD7637582BA6B0E3007552E1 /* RecordLabelView.swift in Sources */ = {isa = PBXBuildFile; fileRef = AD7637572BA6B0E3007552E1 /* RecordLabelView.swift */; };
		AD76375B2BA6B679007552E1 /* String+.swift in Sources */ = {isa = PBXBuildFile; fileRef = AD76375A2BA6B679007552E1 /* String+.swift */; };
		AD76375D2BA6C0D7007552E1 /* ErrorCode.swift in Sources */ = {isa = PBXBuildFile; fileRef = AD76375C2BA6C0D7007552E1 /* ErrorCode.swift */; };
		ADBA9F922BA02F1900E69548 /* MonthlyEatLog.swift in Sources */ = {isa = PBXBuildFile; fileRef = ADBA9F912BA02F1900E69548 /* MonthlyEatLog.swift */; };
		ADBA9F942BA030F000E69548 /* CustomListView.swift in Sources */ = {isa = PBXBuildFile; fileRef = ADBA9F932BA030F000E69548 /* CustomListView.swift */; };
		ADEEFCCE2BB1525300FDD569 /* Localizable.strings in Resources */ = {isa = PBXBuildFile; fileRef = ADEEFCD02BB1525300FDD569 /* Localizable.strings */; };
		ADEEFCD32BB15D8E00FDD569 /* MealTime.swift in Sources */ = {isa = PBXBuildFile; fileRef = ADEEFCD22BB15D8E00FDD569 /* MealTime.swift */; };
		ADF9CE582BA019B60019956E /* SettingsView.swift in Sources */ = {isa = PBXBuildFile; fileRef = ADF9CE572BA019B60019956E /* SettingsView.swift */; };
		ADF9CE5A2BA020CB0019956E /* ProfileImageView.swift in Sources */ = {isa = PBXBuildFile; fileRef = ADF9CE592BA020CB0019956E /* ProfileImageView.swift */; };
		BF01252028F445F90081FBAC /* ImagePicker.swift in Sources */ = {isa = PBXBuildFile; fileRef = BF01251F28F445F90081FBAC /* ImagePicker.swift */; };
		BF01252228F6CEBF0081FBAC /* CustomGridView.swift in Sources */ = {isa = PBXBuildFile; fileRef = BF01252128F6CEBF0081FBAC /* CustomGridView.swift */; };
		BF01252428F6D0130081FBAC /* Post.swift in Sources */ = {isa = PBXBuildFile; fileRef = BF01252328F6D0130081FBAC /* Post.swift */; };
		BF01252728F6E7F10081FBAC /* EditPostViewModel.swift in Sources */ = {isa = PBXBuildFile; fileRef = BF01252628F6E7F10081FBAC /* EditPostViewModel.swift */; };
		BF01252A28F825FE0081FBAC /* EditPostView.swift in Sources */ = {isa = PBXBuildFile; fileRef = BF01252928F825FE0081FBAC /* EditPostView.swift */; };
		BF01252C28F940620081FBAC /* FetchPostViewModel.swift in Sources */ = {isa = PBXBuildFile; fileRef = BF01252B28F940620081FBAC /* FetchPostViewModel.swift */; };
		BF01252E28F949EE0081FBAC /* DailyEatLog.swift in Sources */ = {isa = PBXBuildFile; fileRef = BF01252D28F949EE0081FBAC /* DailyEatLog.swift */; };
		BF01253328F9B5600081FBAC /* DateConverter.swift in Sources */ = {isa = PBXBuildFile; fileRef = BF01253228F9B5600081FBAC /* DateConverter.swift */; };
		BF01253528FD415E0081FBAC /* SinglePostView.swift in Sources */ = {isa = PBXBuildFile; fileRef = BF01253428FD415E0081FBAC /* SinglePostView.swift */; };
		BF78BBA82928139E00049314 /* SidebarMenu.swift in Sources */ = {isa = PBXBuildFile; fileRef = BF78BBA72928139E00049314 /* SidebarMenu.swift */; };
		BF78BBAA2928F6C300049314 /* CustomIcon.swift in Sources */ = {isa = PBXBuildFile; fileRef = BF78BBA92928F6C300049314 /* CustomIcon.swift */; };
		BF78BBB1292D226300049314 /* CustomPopUpView.swift in Sources */ = {isa = PBXBuildFile; fileRef = BF78BBB0292D226300049314 /* CustomPopUpView.swift */; };
		BF78BBC8292E2AFA00049314 /* InquiryViewModel.swift in Sources */ = {isa = PBXBuildFile; fileRef = BF78BBC7292E2AFA00049314 /* InquiryViewModel.swift */; };
		BF78BBCA292E2BBB00049314 /* InquiryView.swift in Sources */ = {isa = PBXBuildFile; fileRef = BF78BBC9292E2BBB00049314 /* InquiryView.swift */; };
		BF78BBCC292E478D00049314 /* Inquiry.swift in Sources */ = {isa = PBXBuildFile; fileRef = BF78BBCB292E478D00049314 /* Inquiry.swift */; };
		BF7ED9F628EDC12C00800DCA /* Assets.xcassets in Resources */ = {isa = PBXBuildFile; fileRef = BF7ED9F528EDC12C00800DCA /* Assets.xcassets */; };
		BF7ED9FF28F0166500800DCA /* CustomDatePicker.swift in Sources */ = {isa = PBXBuildFile; fileRef = BF7ED9FE28F0166500800DCA /* CustomDatePicker.swift */; };
		BF7EDA0128F022B600800DCA /* EditProfileView.swift in Sources */ = {isa = PBXBuildFile; fileRef = BF7EDA0028F022B600800DCA /* EditProfileView.swift */; };
		BF7EDA0328F2DE0800800DCA /* GoogleService-Info.plist in Resources */ = {isa = PBXBuildFile; fileRef = BF7EDA0228F2DE0700800DCA /* GoogleService-Info.plist */; };
		BF7EDA0528F2E5E600800DCA /* Theme.swift in Sources */ = {isa = PBXBuildFile; fileRef = BF7EDA0428F2E5E600800DCA /* Theme.swift */; };
		BF944B5928EB21AB0036B41F /* diEATApp.swift in Sources */ = {isa = PBXBuildFile; fileRef = BF944B5828EB21AB0036B41F /* diEATApp.swift */; };
		BF944B5B28EB21AB0036B41F /* ContentView.swift in Sources */ = {isa = PBXBuildFile; fileRef = BF944B5A28EB21AB0036B41F /* ContentView.swift */; };
		BF944B8128EB25BB0036B41F /* ImageUploader.swift in Sources */ = {isa = PBXBuildFile; fileRef = BF944B8028EB25BB0036B41F /* ImageUploader.swift */; };
		BF944B8428EB275E0036B41F /* AuthViewModel.swift in Sources */ = {isa = PBXBuildFile; fileRef = BF944B8328EB275E0036B41F /* AuthViewModel.swift */; };
		BF944B8728EB28520036B41F /* User.swift in Sources */ = {isa = PBXBuildFile; fileRef = BF944B8628EB28520036B41F /* User.swift */; };
		BF944B8A28EB2AF70036B41F /* LoginView.swift in Sources */ = {isa = PBXBuildFile; fileRef = BF944B8928EB2AF70036B41F /* LoginView.swift */; };
		BF944B8E28ED6DD00036B41F /* CustomTextField.swift in Sources */ = {isa = PBXBuildFile; fileRef = BF944B8D28ED6DD00036B41F /* CustomTextField.swift */; };
		BF944B9028ED6F5E0036B41F /* CustomSecureField.swift in Sources */ = {isa = PBXBuildFile; fileRef = BF944B8F28ED6F5E0036B41F /* CustomSecureField.swift */; };
		BF944BB228ED89CF0036B41F /* RegistrationView.swift in Sources */ = {isa = PBXBuildFile; fileRef = BF944BB128ED89CF0036B41F /* RegistrationView.swift */; };
		BF944BB428ED9D780036B41F /* MainView.swift in Sources */ = {isa = PBXBuildFile; fileRef = BF944BB328ED9D780036B41F /* MainView.swift */; };
		BF944BB728ED9DF00036B41F /* ProfileHeaderView.swift in Sources */ = {isa = PBXBuildFile; fileRef = BF944BB628ED9DF00036B41F /* ProfileHeaderView.swift */; };
/* End PBXBuildFile section */

/* Begin PBXFileReference section */
		AD7637552BA62372007552E1 /* CustomSidebarMenu.swift */ = {isa = PBXFileReference; fileEncoding = 4; lastKnownFileType = sourcecode.swift; path = CustomSidebarMenu.swift; sourceTree = "<group>"; };
		AD7637572BA6B0E3007552E1 /* RecordLabelView.swift */ = {isa = PBXFileReference; lastKnownFileType = sourcecode.swift; path = RecordLabelView.swift; sourceTree = "<group>"; };
		AD76375A2BA6B679007552E1 /* String+.swift */ = {isa = PBXFileReference; lastKnownFileType = sourcecode.swift; path = "String+.swift"; sourceTree = "<group>"; };
		AD76375C2BA6C0D7007552E1 /* ErrorCode.swift */ = {isa = PBXFileReference; lastKnownFileType = sourcecode.swift; path = ErrorCode.swift; sourceTree = "<group>"; };
		ADBA9F912BA02F1900E69548 /* MonthlyEatLog.swift */ = {isa = PBXFileReference; lastKnownFileType = sourcecode.swift; path = MonthlyEatLog.swift; sourceTree = "<group>"; };
		ADBA9F932BA030F000E69548 /* CustomListView.swift */ = {isa = PBXFileReference; lastKnownFileType = sourcecode.swift; path = CustomListView.swift; sourceTree = "<group>"; };
		ADEEFCCF2BB1525300FDD569 /* ko */ = {isa = PBXFileReference; lastKnownFileType = text.plist.strings; name = ko; path = ko.lproj/Localizable.strings; sourceTree = "<group>"; };
		ADEEFCD12BB1525700FDD569 /* en */ = {isa = PBXFileReference; lastKnownFileType = text.plist.strings; name = en; path = en.lproj/Localizable.strings; sourceTree = "<group>"; };
		ADEEFCD22BB15D8E00FDD569 /* MealTime.swift */ = {isa = PBXFileReference; lastKnownFileType = sourcecode.swift; path = MealTime.swift; sourceTree = "<group>"; };
		ADF9CE572BA019B60019956E /* SettingsView.swift */ = {isa = PBXFileReference; lastKnownFileType = sourcecode.swift; path = SettingsView.swift; sourceTree = "<group>"; };
		ADF9CE592BA020CB0019956E /* ProfileImageView.swift */ = {isa = PBXFileReference; lastKnownFileType = sourcecode.swift; path = ProfileImageView.swift; sourceTree = "<group>"; };
		BF01251F28F445F90081FBAC /* ImagePicker.swift */ = {isa = PBXFileReference; lastKnownFileType = sourcecode.swift; path = ImagePicker.swift; sourceTree = "<group>"; };
		BF01252128F6CEBF0081FBAC /* CustomGridView.swift */ = {isa = PBXFileReference; lastKnownFileType = sourcecode.swift; path = CustomGridView.swift; sourceTree = "<group>"; };
		BF01252328F6D0130081FBAC /* Post.swift */ = {isa = PBXFileReference; lastKnownFileType = sourcecode.swift; path = Post.swift; sourceTree = "<group>"; };
		BF01252628F6E7F10081FBAC /* EditPostViewModel.swift */ = {isa = PBXFileReference; lastKnownFileType = sourcecode.swift; path = EditPostViewModel.swift; sourceTree = "<group>"; };
		BF01252928F825FE0081FBAC /* EditPostView.swift */ = {isa = PBXFileReference; lastKnownFileType = sourcecode.swift; path = EditPostView.swift; sourceTree = "<group>"; };
		BF01252B28F940620081FBAC /* FetchPostViewModel.swift */ = {isa = PBXFileReference; lastKnownFileType = sourcecode.swift; path = FetchPostViewModel.swift; sourceTree = "<group>"; };
		BF01252D28F949EE0081FBAC /* DailyEatLog.swift */ = {isa = PBXFileReference; lastKnownFileType = sourcecode.swift; path = DailyEatLog.swift; sourceTree = "<group>"; };
		BF01253228F9B5600081FBAC /* DateConverter.swift */ = {isa = PBXFileReference; lastKnownFileType = sourcecode.swift; path = DateConverter.swift; sourceTree = "<group>"; };
		BF01253428FD415E0081FBAC /* SinglePostView.swift */ = {isa = PBXFileReference; lastKnownFileType = sourcecode.swift; path = SinglePostView.swift; sourceTree = "<group>"; };
		BF78BBA72928139E00049314 /* SidebarMenu.swift */ = {isa = PBXFileReference; lastKnownFileType = sourcecode.swift; path = SidebarMenu.swift; sourceTree = "<group>"; };
		BF78BBA92928F6C300049314 /* CustomIcon.swift */ = {isa = PBXFileReference; lastKnownFileType = sourcecode.swift; path = CustomIcon.swift; sourceTree = "<group>"; };
		BF78BBB0292D226300049314 /* CustomPopUpView.swift */ = {isa = PBXFileReference; lastKnownFileType = sourcecode.swift; path = CustomPopUpView.swift; sourceTree = "<group>"; };
		BF78BBC7292E2AFA00049314 /* InquiryViewModel.swift */ = {isa = PBXFileReference; lastKnownFileType = sourcecode.swift; path = InquiryViewModel.swift; sourceTree = "<group>"; };
		BF78BBC9292E2BBB00049314 /* InquiryView.swift */ = {isa = PBXFileReference; lastKnownFileType = sourcecode.swift; path = InquiryView.swift; sourceTree = "<group>"; };
		BF78BBCB292E478D00049314 /* Inquiry.swift */ = {isa = PBXFileReference; lastKnownFileType = sourcecode.swift; path = Inquiry.swift; sourceTree = "<group>"; };
		BF7ED9F528EDC12C00800DCA /* Assets.xcassets */ = {isa = PBXFileReference; lastKnownFileType = folder.assetcatalog; path = Assets.xcassets; sourceTree = "<group>"; };
		BF7ED9FE28F0166500800DCA /* CustomDatePicker.swift */ = {isa = PBXFileReference; lastKnownFileType = sourcecode.swift; path = CustomDatePicker.swift; sourceTree = "<group>"; };
		BF7EDA0028F022B600800DCA /* EditProfileView.swift */ = {isa = PBXFileReference; lastKnownFileType = sourcecode.swift; path = EditProfileView.swift; sourceTree = "<group>"; };
		BF7EDA0228F2DE0700800DCA /* GoogleService-Info.plist */ = {isa = PBXFileReference; fileEncoding = 4; lastKnownFileType = text.plist.xml; path = "GoogleService-Info.plist"; sourceTree = "<group>"; };
		BF7EDA0428F2E5E600800DCA /* Theme.swift */ = {isa = PBXFileReference; lastKnownFileType = sourcecode.swift; path = Theme.swift; sourceTree = "<group>"; };
		BF944B5528EB21AB0036B41F /* diEAT.app */ = {isa = PBXFileReference; explicitFileType = wrapper.application; includeInIndex = 0; path = diEAT.app; sourceTree = BUILT_PRODUCTS_DIR; };
		BF944B5828EB21AB0036B41F /* diEATApp.swift */ = {isa = PBXFileReference; lastKnownFileType = sourcecode.swift; path = diEATApp.swift; sourceTree = "<group>"; };
		BF944B5A28EB21AB0036B41F /* ContentView.swift */ = {isa = PBXFileReference; lastKnownFileType = sourcecode.swift; path = ContentView.swift; sourceTree = "<group>"; };
		BF944B8028EB25BB0036B41F /* ImageUploader.swift */ = {isa = PBXFileReference; lastKnownFileType = sourcecode.swift; path = ImageUploader.swift; sourceTree = "<group>"; };
		BF944B8328EB275E0036B41F /* AuthViewModel.swift */ = {isa = PBXFileReference; lastKnownFileType = sourcecode.swift; path = AuthViewModel.swift; sourceTree = "<group>"; };
		BF944B8628EB28520036B41F /* User.swift */ = {isa = PBXFileReference; lastKnownFileType = sourcecode.swift; path = User.swift; sourceTree = "<group>"; };
		BF944B8928EB2AF70036B41F /* LoginView.swift */ = {isa = PBXFileReference; lastKnownFileType = sourcecode.swift; path = LoginView.swift; sourceTree = "<group>"; };
		BF944B8D28ED6DD00036B41F /* CustomTextField.swift */ = {isa = PBXFileReference; lastKnownFileType = sourcecode.swift; path = CustomTextField.swift; sourceTree = "<group>"; };
		BF944B8F28ED6F5E0036B41F /* CustomSecureField.swift */ = {isa = PBXFileReference; lastKnownFileType = sourcecode.swift; path = CustomSecureField.swift; sourceTree = "<group>"; };
		BF944BB028ED7BF60036B41F /* Info.plist */ = {isa = PBXFileReference; lastKnownFileType = text.plist.xml; path = Info.plist; sourceTree = SOURCE_ROOT; };
		BF944BB128ED89CF0036B41F /* RegistrationView.swift */ = {isa = PBXFileReference; lastKnownFileType = sourcecode.swift; path = RegistrationView.swift; sourceTree = "<group>"; };
		BF944BB328ED9D780036B41F /* MainView.swift */ = {isa = PBXFileReference; lastKnownFileType = sourcecode.swift; path = MainView.swift; sourceTree = "<group>"; };
		BF944BB628ED9DF00036B41F /* ProfileHeaderView.swift */ = {isa = PBXFileReference; lastKnownFileType = sourcecode.swift; path = ProfileHeaderView.swift; sourceTree = "<group>"; };
/* End PBXFileReference section */

/* Begin PBXFrameworksBuildPhase section */
		BF944B5228EB21AB0036B41F /* Frameworks */ = {
			isa = PBXFrameworksBuildPhase;
			buildActionMask = 2147483647;
			files = (
				AD21F7CC2B9F588A0097DCEB /* FirebaseMessaging in Frameworks */,
				AD4897AA29B9CF22004E2B2F /* PopupView in Frameworks */,
				AD21F7BE2B9F588A0097DCEB /* FirebaseFirestoreSwift in Frameworks */,
				AD21F7A82B9F588A0097DCEB /* FirebaseAnalyticsWithoutAdIdSupport in Frameworks */,
				AD21F7C02B9F588A0097DCEB /* FirebaseFunctions in Frameworks */,
				AD4897A729B9CF04004E2B2F /* Kingfisher in Frameworks */,
				AD21F7A22B9F588A0097DCEB /* FirebaseAnalytics in Frameworks */,
				AD21F7AE2B9F588A0097DCEB /* FirebaseAuth in Frameworks */,
				AD21F7B82B9F588A0097DCEB /* FirebaseDynamicLinks in Frameworks */,
				AD21F7B22B9F588A0097DCEB /* FirebaseCrashlytics in Frameworks */,
				AD21F7CA2B9F588A0097DCEB /* FirebaseMLModelDownloader in Frameworks */,
				AD21F7B62B9F588A0097DCEB /* FirebaseDatabaseSwift in Frameworks */,
				AD21F7BA2B9F588A0097DCEB /* FirebaseFirestore in Frameworks */,
				AD21F7C82B9F588A0097DCEB /* FirebaseInstallations in Frameworks */,
				AD21F7C22B9F588A0097DCEB /* FirebaseFunctionsCombine-Community in Frameworks */,
				AD21F7BC2B9F588A0097DCEB /* FirebaseFirestoreCombine-Community in Frameworks */,
				AD21F7B42B9F588A0097DCEB /* FirebaseDatabase in Frameworks */,
				AD21F7CE2B9F588A0097DCEB /* FirebasePerformance in Frameworks */,
				AD21F7AA2B9F588A0097DCEB /* FirebaseAppCheck in Frameworks */,
				AD21F7A42B9F588A0097DCEB /* FirebaseAnalyticsOnDeviceConversion in Frameworks */,
				AD21F7C62B9F588A0097DCEB /* FirebaseInAppMessagingSwift-Beta in Frameworks */,
				AD21F7D22B9F588A0097DCEB /* FirebaseRemoteConfigSwift in Frameworks */,
				AD21F7A62B9F588A0097DCEB /* FirebaseAnalyticsSwift in Frameworks */,
				AD21F7AC2B9F588A0097DCEB /* FirebaseAppDistribution-Beta in Frameworks */,
				AD21F7D02B9F588A0097DCEB /* FirebaseRemoteConfig in Frameworks */,
				AD21F7D42B9F588A0097DCEB /* FirebaseStorage in Frameworks */,
				AD21F7B02B9F588A0097DCEB /* FirebaseAuthCombine-Community in Frameworks */,
				AD21F7D62B9F588A0097DCEB /* FirebaseStorageCombine-Community in Frameworks */,
				AD21F7C42B9F588A0097DCEB /* FirebaseInAppMessaging-Beta in Frameworks */,
			);
			runOnlyForDeploymentPostprocessing = 0;
		};
/* End PBXFrameworksBuildPhase section */

/* Begin PBXGroup section */
		AD7637542BA622D8007552E1 /* EatLog */ = {
			isa = PBXGroup;
			children = (
				BF01252128F6CEBF0081FBAC /* CustomGridView.swift */,
				ADBA9F932BA030F000E69548 /* CustomListView.swift */,
				BF01252D28F949EE0081FBAC /* DailyEatLog.swift */,
				ADBA9F912BA02F1900E69548 /* MonthlyEatLog.swift */,
				AD7637572BA6B0E3007552E1 /* RecordLabelView.swift */,
			);
			path = EatLog;
			sourceTree = "<group>";
		};
		AD7637592BA6B670007552E1 /* Extensions */ = {
			isa = PBXGroup;
			children = (
				AD76375A2BA6B679007552E1 /* String+.swift */,
			);
			path = Extensions;
			sourceTree = "<group>";
		};
		AD76375E2BA6C40D007552E1 /* Settings */ = {
			isa = PBXGroup;
			children = (
				ADEEFCC42BB1517D00FDD569 /* View */,
				ADEEFCC82BB151B000FDD569 /* ViewModel */,
			);
			path = Settings;
			sourceTree = "<group>";
		};
		ADEEFCBF2BB1512500FDD569 /* Sources */ = {
			isa = PBXGroup;
			children = (
				ADEEFCC72BB1519900FDD569 /* Data */,
				ADEEFCC12BB1514F00FDD569 /* Presentations */,
				AD7637592BA6B670007552E1 /* Extensions */,
				BF944B7C28EB256A0036B41F /* API */,
				BF944B7B28EB25610036B41F /* Utils */,
			);
			path = Sources;
			sourceTree = "<group>";
		};
		ADEEFCC02BB1512A00FDD569 /* Resources */ = {
			isa = PBXGroup;
			children = (
				BF7ED9F528EDC12C00800DCA /* Assets.xcassets */,
				BF944B5E28EB21AD0036B41F /* Preview Content */,
				ADEEFCD02BB1525300FDD569 /* Localizable.strings */,
			);
			path = Resources;
			sourceTree = "<group>";
		};
		ADEEFCC12BB1514F00FDD569 /* Presentations */ = {
			isa = PBXGroup;
			children = (
				BF944B8228EB26960036B41F /* Main */,
				BF944B8828EB2AE80036B41F /* Authentication */,
				AD76375E2BA6C40D007552E1 /* Settings */,
				BF01252828F825EC0081FBAC /* Post */,
				BF944BB528ED9DE10036B41F /* Profile */,
			);
			path = Presentations;
			sourceTree = "<group>";
		};
		ADEEFCC22BB1515D00FDD569 /* View */ = {
			isa = PBXGroup;
			children = (
				BF944BB328ED9D780036B41F /* MainView.swift */,
				BF7ED9FE28F0166500800DCA /* CustomDatePicker.swift */,
				AD7637542BA622D8007552E1 /* EatLog */,
			);
			path = View;
			sourceTree = "<group>";
		};
		ADEEFCC32BB1517600FDD569 /* View */ = {
			isa = PBXGroup;
			children = (
				BF944B8928EB2AF70036B41F /* LoginView.swift */,
				BF944BB128ED89CF0036B41F /* RegistrationView.swift */,
			);
			path = View;
			sourceTree = "<group>";
		};
		ADEEFCC42BB1517D00FDD569 /* View */ = {
			isa = PBXGroup;
			children = (
				BF78BBC9292E2BBB00049314 /* InquiryView.swift */,
				ADF9CE572BA019B60019956E /* SettingsView.swift */,
				AD7637552BA62372007552E1 /* CustomSidebarMenu.swift */,
			);
			path = View;
			sourceTree = "<group>";
		};
		ADEEFCC52BB1518400FDD569 /* View */ = {
			isa = PBXGroup;
			children = (
				BF01252928F825FE0081FBAC /* EditPostView.swift */,
				BF01253428FD415E0081FBAC /* SinglePostView.swift */,
			);
			path = View;
			sourceTree = "<group>";
		};
		ADEEFCC62BB1518A00FDD569 /* View */ = {
			isa = PBXGroup;
			children = (
				BF944BB628ED9DF00036B41F /* ProfileHeaderView.swift */,
				ADF9CE592BA020CB0019956E /* ProfileImageView.swift */,
				BF7EDA0028F022B600800DCA /* EditProfileView.swift */,
			);
			path = View;
			sourceTree = "<group>";
		};
		ADEEFCC72BB1519900FDD569 /* Data */ = {
			isa = PBXGroup;
			children = (
				BF944B7F28EB25790036B41F /* Model */,
			);
			path = Data;
			sourceTree = "<group>";
		};
		ADEEFCC82BB151B000FDD569 /* ViewModel */ = {
			isa = PBXGroup;
			children = (
				BF78BBC7292E2AFA00049314 /* InquiryViewModel.swift */,
			);
			path = ViewModel;
			sourceTree = "<group>";
		};
		ADEEFCCA2BB151CF00FDD569 /* ViewModel */ = {
			isa = PBXGroup;
			children = (
				BF01252628F6E7F10081FBAC /* EditPostViewModel.swift */,
				BF01252B28F940620081FBAC /* FetchPostViewModel.swift */,
			);
			path = ViewModel;
			sourceTree = "<group>";
		};
		ADEEFCCB2BB151E100FDD569 /* ViewModel */ = {
			isa = PBXGroup;
			children = (
				BF944B8328EB275E0036B41F /* AuthViewModel.swift */,
			);
			path = ViewModel;
			sourceTree = "<group>";
		};
		BF01252828F825EC0081FBAC /* Post */ = {
			isa = PBXGroup;
			children = (
				ADEEFCCA2BB151CF00FDD569 /* ViewModel */,
				ADEEFCC52BB1518400FDD569 /* View */,
			);
			path = Post;
			sourceTree = "<group>";
		};
		BF78BBC3292D2A6300049314 /* Frameworks */ = {
			isa = PBXGroup;
			children = (
			);
			name = Frameworks;
			sourceTree = "<group>";
		};
		BF944B4C28EB21AB0036B41F = {
			isa = PBXGroup;
			children = (
				BF7EDA0228F2DE0700800DCA /* GoogleService-Info.plist */,
				BF944BB028ED7BF60036B41F /* Info.plist */,
				BF944B5728EB21AB0036B41F /* diEAT */,
				BF944B5628EB21AB0036B41F /* Products */,
				BF78BBC3292D2A6300049314 /* Frameworks */,
			);
			sourceTree = "<group>";
		};
		BF944B5628EB21AB0036B41F /* Products */ = {
			isa = PBXGroup;
			children = (
				BF944B5528EB21AB0036B41F /* diEAT.app */,
			);
			name = Products;
			sourceTree = "<group>";
		};
		BF944B5728EB21AB0036B41F /* diEAT */ = {
			isa = PBXGroup;
			children = (
				ADEEFCBF2BB1512500FDD569 /* Sources */,
				ADEEFCC02BB1512A00FDD569 /* Resources */,
			);
			path = diEAT;
			sourceTree = "<group>";
		};
		BF944B5E28EB21AD0036B41F /* Preview Content */ = {
			isa = PBXGroup;
			children = (
			);
			path = "Preview Content";
			sourceTree = "<group>";
		};
		BF944B7B28EB25610036B41F /* Utils */ = {
			isa = PBXGroup;
			children = (
				BF944B8D28ED6DD00036B41F /* CustomTextField.swift */,
				BF944B8F28ED6F5E0036B41F /* CustomSecureField.swift */,
				BF7EDA0428F2E5E600800DCA /* Theme.swift */,
				BF01251F28F445F90081FBAC /* ImagePicker.swift */,
				BF01253228F9B5600081FBAC /* DateConverter.swift */,
				BF78BBA72928139E00049314 /* SidebarMenu.swift */,
				BF78BBA92928F6C300049314 /* CustomIcon.swift */,
				BF78BBB0292D226300049314 /* CustomPopUpView.swift */,
			);
			path = Utils;
			sourceTree = "<group>";
		};
		BF944B7C28EB256A0036B41F /* API */ = {
			isa = PBXGroup;
			children = (
				BF944B8028EB25BB0036B41F /* ImageUploader.swift */,
			);
			path = API;
			sourceTree = "<group>";
		};
		BF944B7F28EB25790036B41F /* Model */ = {
			isa = PBXGroup;
			children = (
				BF944B8628EB28520036B41F /* User.swift */,
				BF01252328F6D0130081FBAC /* Post.swift */,
				BF78BBCB292E478D00049314 /* Inquiry.swift */,
				AD76375C2BA6C0D7007552E1 /* ErrorCode.swift */,
				ADEEFCD22BB15D8E00FDD569 /* MealTime.swift */,
			);
			path = Model;
			sourceTree = "<group>";
		};
		BF944B8228EB26960036B41F /* Main */ = {
			isa = PBXGroup;
			children = (
				BF944B5828EB21AB0036B41F /* diEATApp.swift */,
				BF944B5A28EB21AB0036B41F /* ContentView.swift */,
				ADEEFCC22BB1515D00FDD569 /* View */,
			);
			path = Main;
			sourceTree = "<group>";
		};
		BF944B8828EB2AE80036B41F /* Authentication */ = {
			isa = PBXGroup;
			children = (
				ADEEFCCB2BB151E100FDD569 /* ViewModel */,
				ADEEFCC32BB1517600FDD569 /* View */,
			);
			path = Authentication;
			sourceTree = "<group>";
		};
		BF944BB528ED9DE10036B41F /* Profile */ = {
			isa = PBXGroup;
			children = (
				ADEEFCC62BB1518A00FDD569 /* View */,
			);
			path = Profile;
			sourceTree = "<group>";
		};
/* End PBXGroup section */

/* Begin PBXNativeTarget section */
		BF944B5428EB21AB0036B41F /* diEAT */ = {
			isa = PBXNativeTarget;
			buildConfigurationList = BF944B6328EB21AD0036B41F /* Build configuration list for PBXNativeTarget "diEAT" */;
			buildPhases = (
				BF944B5328EB21AB0036B41F /* Resources */,
				BF944B5128EB21AB0036B41F /* Sources */,
				BF944B5228EB21AB0036B41F /* Frameworks */,
			);
			buildRules = (
			);
			dependencies = (
			);
			name = diEAT;
			packageProductDependencies = (
				AD4897A629B9CF04004E2B2F /* Kingfisher */,
				AD4897A929B9CF22004E2B2F /* PopupView */,
				AD21F7A12B9F588A0097DCEB /* FirebaseAnalytics */,
				AD21F7A32B9F588A0097DCEB /* FirebaseAnalyticsOnDeviceConversion */,
				AD21F7A52B9F588A0097DCEB /* FirebaseAnalyticsSwift */,
				AD21F7A72B9F588A0097DCEB /* FirebaseAnalyticsWithoutAdIdSupport */,
				AD21F7A92B9F588A0097DCEB /* FirebaseAppCheck */,
				AD21F7AB2B9F588A0097DCEB /* FirebaseAppDistribution-Beta */,
				AD21F7AD2B9F588A0097DCEB /* FirebaseAuth */,
				AD21F7AF2B9F588A0097DCEB /* FirebaseAuthCombine-Community */,
				AD21F7B12B9F588A0097DCEB /* FirebaseCrashlytics */,
				AD21F7B32B9F588A0097DCEB /* FirebaseDatabase */,
				AD21F7B52B9F588A0097DCEB /* FirebaseDatabaseSwift */,
				AD21F7B72B9F588A0097DCEB /* FirebaseDynamicLinks */,
				AD21F7B92B9F588A0097DCEB /* FirebaseFirestore */,
				AD21F7BB2B9F588A0097DCEB /* FirebaseFirestoreCombine-Community */,
				AD21F7BD2B9F588A0097DCEB /* FirebaseFirestoreSwift */,
				AD21F7BF2B9F588A0097DCEB /* FirebaseFunctions */,
				AD21F7C12B9F588A0097DCEB /* FirebaseFunctionsCombine-Community */,
				AD21F7C32B9F588A0097DCEB /* FirebaseInAppMessaging-Beta */,
				AD21F7C52B9F588A0097DCEB /* FirebaseInAppMessagingSwift-Beta */,
				AD21F7C72B9F588A0097DCEB /* FirebaseInstallations */,
				AD21F7C92B9F588A0097DCEB /* FirebaseMLModelDownloader */,
				AD21F7CB2B9F588A0097DCEB /* FirebaseMessaging */,
				AD21F7CD2B9F588A0097DCEB /* FirebasePerformance */,
				AD21F7CF2B9F588A0097DCEB /* FirebaseRemoteConfig */,
				AD21F7D12B9F588A0097DCEB /* FirebaseRemoteConfigSwift */,
				AD21F7D32B9F588A0097DCEB /* FirebaseStorage */,
				AD21F7D52B9F588A0097DCEB /* FirebaseStorageCombine-Community */,
			);
			productName = diEAT_SwiftUI;
			productReference = BF944B5528EB21AB0036B41F /* diEAT.app */;
			productType = "com.apple.product-type.application";
		};
/* End PBXNativeTarget section */

/* Begin PBXProject section */
		BF944B4D28EB21AB0036B41F /* Project object */ = {
			isa = PBXProject;
			attributes = {
				BuildIndependentTargetsInParallel = 1;
				LastSwiftUpdateCheck = 1340;
				LastUpgradeCheck = 1340;
				TargetAttributes = {
					BF944B5428EB21AB0036B41F = {
						CreatedOnToolsVersion = 13.4.1;
					};
				};
			};
			buildConfigurationList = BF944B5028EB21AB0036B41F /* Build configuration list for PBXProject "diEAT" */;
			compatibilityVersion = "Xcode 14.0";
			developmentRegion = ko;
			hasScannedForEncodings = 0;
			knownRegions = (
				en,
				Base,
				ko,
			);
			mainGroup = BF944B4C28EB21AB0036B41F;
			packageReferences = (
				AD4897A529B9CF04004E2B2F /* XCRemoteSwiftPackageReference "Kingfisher" */,
				AD4897A829B9CF22004E2B2F /* XCRemoteSwiftPackageReference "PopupView" */,
				AD21F7A02B9F588A0097DCEB /* XCRemoteSwiftPackageReference "firebase-ios-sdk" */,
			);
			productRefGroup = BF944B5628EB21AB0036B41F /* Products */;
			projectDirPath = "";
			projectRoot = "";
			targets = (
				BF944B5428EB21AB0036B41F /* diEAT */,
			);
		};
/* End PBXProject section */

/* Begin PBXResourcesBuildPhase section */
		BF944B5328EB21AB0036B41F /* Resources */ = {
			isa = PBXResourcesBuildPhase;
			buildActionMask = 2147483647;
			files = (
				BF7ED9F628EDC12C00800DCA /* Assets.xcassets in Resources */,
				ADEEFCCE2BB1525300FDD569 /* Localizable.strings in Resources */,
				BF7EDA0328F2DE0800800DCA /* GoogleService-Info.plist in Resources */,
			);
			runOnlyForDeploymentPostprocessing = 0;
		};
/* End PBXResourcesBuildPhase section */

/* Begin PBXSourcesBuildPhase section */
		BF944B5128EB21AB0036B41F /* Sources */ = {
			isa = PBXSourcesBuildPhase;
			buildActionMask = 2147483647;
			files = (
				ADF9CE5A2BA020CB0019956E /* ProfileImageView.swift in Sources */,
				BF7EDA0128F022B600800DCA /* EditProfileView.swift in Sources */,
				BF78BBC8292E2AFA00049314 /* InquiryViewModel.swift in Sources */,
				BF944B8A28EB2AF70036B41F /* LoginView.swift in Sources */,
				BF944B8428EB275E0036B41F /* AuthViewModel.swift in Sources */,
				BF78BBCA292E2BBB00049314 /* InquiryView.swift in Sources */,
				BF78BBA82928139E00049314 /* SidebarMenu.swift in Sources */,
				BF944B5B28EB21AB0036B41F /* ContentView.swift in Sources */,
				BF944B5928EB21AB0036B41F /* diEATApp.swift in Sources */,
				BF944B8E28ED6DD00036B41F /* CustomTextField.swift in Sources */,
				AD76375B2BA6B679007552E1 /* String+.swift in Sources */,
				BF01252C28F940620081FBAC /* FetchPostViewModel.swift in Sources */,
				BF01252228F6CEBF0081FBAC /* CustomGridView.swift in Sources */,
				BF944B8728EB28520036B41F /* User.swift in Sources */,
				AD76375D2BA6C0D7007552E1 /* ErrorCode.swift in Sources */,
				BF7ED9FF28F0166500800DCA /* CustomDatePicker.swift in Sources */,
				ADBA9F922BA02F1900E69548 /* MonthlyEatLog.swift in Sources */,
				ADBA9F942BA030F000E69548 /* CustomListView.swift in Sources */,
				BF78BBCC292E478D00049314 /* Inquiry.swift in Sources */,
				BF944BB728ED9DF00036B41F /* ProfileHeaderView.swift in Sources */,
				BF78BBB1292D226300049314 /* CustomPopUpView.swift in Sources */,
				BF944BB428ED9D780036B41F /* MainView.swift in Sources */,
				BF01253328F9B5600081FBAC /* DateConverter.swift in Sources */,
				BF01252A28F825FE0081FBAC /* EditPostView.swift in Sources */,
				BF944B9028ED6F5E0036B41F /* CustomSecureField.swift in Sources */,
				BF01252E28F949EE0081FBAC /* DailyEatLog.swift in Sources */,
				BF78BBAA2928F6C300049314 /* CustomIcon.swift in Sources */,
				BF944B8128EB25BB0036B41F /* ImageUploader.swift in Sources */,
				AD7637562BA62372007552E1 /* CustomSidebarMenu.swift in Sources */,
				BF01253528FD415E0081FBAC /* SinglePostView.swift in Sources */,
				BF01252028F445F90081FBAC /* ImagePicker.swift in Sources */,
				BF01252428F6D0130081FBAC /* Post.swift in Sources */,
				BF7EDA0528F2E5E600800DCA /* Theme.swift in Sources */,
				BF944BB228ED89CF0036B41F /* RegistrationView.swift in Sources */,
				ADF9CE582BA019B60019956E /* SettingsView.swift in Sources */,
				ADEEFCD32BB15D8E00FDD569 /* MealTime.swift in Sources */,
				AD7637582BA6B0E3007552E1 /* RecordLabelView.swift in Sources */,
				BF01252728F6E7F10081FBAC /* EditPostViewModel.swift in Sources */,
			);
			runOnlyForDeploymentPostprocessing = 0;
		};
/* End PBXSourcesBuildPhase section */

/* Begin PBXVariantGroup section */
		ADEEFCD02BB1525300FDD569 /* Localizable.strings */ = {
			isa = PBXVariantGroup;
			children = (
				ADEEFCCF2BB1525300FDD569 /* ko */,
				ADEEFCD12BB1525700FDD569 /* en */,
			);
			name = Localizable.strings;
			sourceTree = "<group>";
		};
/* End PBXVariantGroup section */

/* Begin XCBuildConfiguration section */
		BF944B6128EB21AD0036B41F /* Debug */ = {
			isa = XCBuildConfiguration;
			buildSettings = {
				ALWAYS_SEARCH_USER_PATHS = NO;
				CLANG_ANALYZER_NONNULL = YES;
				CLANG_ANALYZER_NUMBER_OBJECT_CONVERSION = YES_AGGRESSIVE;
				CLANG_CXX_LANGUAGE_STANDARD = "gnu++17";
				CLANG_ENABLE_MODULES = YES;
				CLANG_ENABLE_OBJC_ARC = YES;
				CLANG_ENABLE_OBJC_WEAK = YES;
				CLANG_WARN_BLOCK_CAPTURE_AUTORELEASING = YES;
				CLANG_WARN_BOOL_CONVERSION = YES;
				CLANG_WARN_COMMA = YES;
				CLANG_WARN_CONSTANT_CONVERSION = YES;
				CLANG_WARN_DEPRECATED_OBJC_IMPLEMENTATIONS = YES;
				CLANG_WARN_DIRECT_OBJC_ISA_USAGE = YES_ERROR;
				CLANG_WARN_DOCUMENTATION_COMMENTS = YES;
				CLANG_WARN_EMPTY_BODY = YES;
				CLANG_WARN_ENUM_CONVERSION = YES;
				CLANG_WARN_INFINITE_RECURSION = YES;
				CLANG_WARN_INT_CONVERSION = YES;
				CLANG_WARN_NON_LITERAL_NULL_CONVERSION = YES;
				CLANG_WARN_OBJC_IMPLICIT_RETAIN_SELF = YES;
				CLANG_WARN_OBJC_LITERAL_CONVERSION = YES;
				CLANG_WARN_OBJC_ROOT_CLASS = YES_ERROR;
				CLANG_WARN_QUOTED_INCLUDE_IN_FRAMEWORK_HEADER = YES;
				CLANG_WARN_RANGE_LOOP_ANALYSIS = YES;
				CLANG_WARN_STRICT_PROTOTYPES = YES;
				CLANG_WARN_SUSPICIOUS_MOVE = YES;
				CLANG_WARN_UNGUARDED_AVAILABILITY = YES_AGGRESSIVE;
				CLANG_WARN_UNREACHABLE_CODE = YES;
				CLANG_WARN__DUPLICATE_METHOD_MATCH = YES;
				COPY_PHASE_STRIP = NO;
				DEBUG_INFORMATION_FORMAT = dwarf;
				ENABLE_STRICT_OBJC_MSGSEND = YES;
				ENABLE_TESTABILITY = YES;
				GCC_C_LANGUAGE_STANDARD = gnu11;
				GCC_DYNAMIC_NO_PIC = NO;
				GCC_NO_COMMON_BLOCKS = YES;
				GCC_OPTIMIZATION_LEVEL = 0;
				GCC_PREPROCESSOR_DEFINITIONS = (
					"DEBUG=1",
					"$(inherited)",
				);
				GCC_WARN_64_TO_32_BIT_CONVERSION = YES;
				GCC_WARN_ABOUT_RETURN_TYPE = YES_ERROR;
				GCC_WARN_UNDECLARED_SELECTOR = YES;
				GCC_WARN_UNINITIALIZED_AUTOS = YES_AGGRESSIVE;
				GCC_WARN_UNUSED_FUNCTION = YES;
				GCC_WARN_UNUSED_VARIABLE = YES;
				IPHONEOS_DEPLOYMENT_TARGET = 16.0;
				MTL_ENABLE_DEBUG_INFO = INCLUDE_SOURCE;
				MTL_FAST_MATH = YES;
				ONLY_ACTIVE_ARCH = YES;
				PRODUCT_NAME = diEAT;
				SDKROOT = iphoneos;
				SWIFT_ACTIVE_COMPILATION_CONDITIONS = DEBUG;
				SWIFT_OPTIMIZATION_LEVEL = "-Onone";
			};
			name = Debug;
		};
		BF944B6228EB21AD0036B41F /* Release */ = {
			isa = XCBuildConfiguration;
			buildSettings = {
				ALWAYS_SEARCH_USER_PATHS = NO;
				CLANG_ANALYZER_NONNULL = YES;
				CLANG_ANALYZER_NUMBER_OBJECT_CONVERSION = YES_AGGRESSIVE;
				CLANG_CXX_LANGUAGE_STANDARD = "gnu++17";
				CLANG_ENABLE_MODULES = YES;
				CLANG_ENABLE_OBJC_ARC = YES;
				CLANG_ENABLE_OBJC_WEAK = YES;
				CLANG_WARN_BLOCK_CAPTURE_AUTORELEASING = YES;
				CLANG_WARN_BOOL_CONVERSION = YES;
				CLANG_WARN_COMMA = YES;
				CLANG_WARN_CONSTANT_CONVERSION = YES;
				CLANG_WARN_DEPRECATED_OBJC_IMPLEMENTATIONS = YES;
				CLANG_WARN_DIRECT_OBJC_ISA_USAGE = YES_ERROR;
				CLANG_WARN_DOCUMENTATION_COMMENTS = YES;
				CLANG_WARN_EMPTY_BODY = YES;
				CLANG_WARN_ENUM_CONVERSION = YES;
				CLANG_WARN_INFINITE_RECURSION = YES;
				CLANG_WARN_INT_CONVERSION = YES;
				CLANG_WARN_NON_LITERAL_NULL_CONVERSION = YES;
				CLANG_WARN_OBJC_IMPLICIT_RETAIN_SELF = YES;
				CLANG_WARN_OBJC_LITERAL_CONVERSION = YES;
				CLANG_WARN_OBJC_ROOT_CLASS = YES_ERROR;
				CLANG_WARN_QUOTED_INCLUDE_IN_FRAMEWORK_HEADER = YES;
				CLANG_WARN_RANGE_LOOP_ANALYSIS = YES;
				CLANG_WARN_STRICT_PROTOTYPES = YES;
				CLANG_WARN_SUSPICIOUS_MOVE = YES;
				CLANG_WARN_UNGUARDED_AVAILABILITY = YES_AGGRESSIVE;
				CLANG_WARN_UNREACHABLE_CODE = YES;
				CLANG_WARN__DUPLICATE_METHOD_MATCH = YES;
				COPY_PHASE_STRIP = NO;
				DEBUG_INFORMATION_FORMAT = "dwarf-with-dsym";
				ENABLE_NS_ASSERTIONS = NO;
				ENABLE_STRICT_OBJC_MSGSEND = YES;
				GCC_C_LANGUAGE_STANDARD = gnu11;
				GCC_NO_COMMON_BLOCKS = YES;
				GCC_WARN_64_TO_32_BIT_CONVERSION = YES;
				GCC_WARN_ABOUT_RETURN_TYPE = YES_ERROR;
				GCC_WARN_UNDECLARED_SELECTOR = YES;
				GCC_WARN_UNINITIALIZED_AUTOS = YES_AGGRESSIVE;
				GCC_WARN_UNUSED_FUNCTION = YES;
				GCC_WARN_UNUSED_VARIABLE = YES;
				IPHONEOS_DEPLOYMENT_TARGET = 16.0;
				MTL_ENABLE_DEBUG_INFO = NO;
				MTL_FAST_MATH = YES;
				PRODUCT_NAME = diEAT;
				SDKROOT = iphoneos;
				SWIFT_COMPILATION_MODE = wholemodule;
				SWIFT_OPTIMIZATION_LEVEL = "-O";
				VALIDATE_PRODUCT = YES;
			};
			name = Release;
		};
		BF944B6428EB21AD0036B41F /* Debug */ = {
			isa = XCBuildConfiguration;
			buildSettings = {
				ASSETCATALOG_COMPILER_APPICON_NAME = AppIcon;
				ASSETCATALOG_COMPILER_GLOBAL_ACCENT_COLOR_NAME = AccentColor;
				CODE_SIGN_IDENTITY = "Apple Development";
				CODE_SIGN_STYLE = Automatic;
				CURRENT_PROJECT_VERSION = 1;
				DEVELOPMENT_ASSET_PATHS = "\"diEAT/Resources/Preview Content\"";
				DEVELOPMENT_TEAM = 7D5PZJWQ9T;
				ENABLE_PREVIEWS = YES;
				GENERATE_INFOPLIST_FILE = YES;
				INFOPLIST_FILE = diEAT/Info.plist;
				INFOPLIST_KEY_LSApplicationCategoryType = "public.app-category.food-and-drink";
				INFOPLIST_KEY_UIApplicationSceneManifest_Generation = YES;
				INFOPLIST_KEY_UIApplicationSupportsIndirectInputEvents = YES;
				INFOPLIST_KEY_UILaunchScreen_Generation = YES;
				INFOPLIST_KEY_UISupportedInterfaceOrientations_iPad = "UIInterfaceOrientationPortrait UIInterfaceOrientationPortraitUpsideDown UIInterfaceOrientationLandscapeLeft UIInterfaceOrientationLandscapeRight";
				INFOPLIST_KEY_UISupportedInterfaceOrientations_iPhone = UIInterfaceOrientationPortrait;
				IPHONEOS_DEPLOYMENT_TARGET = 16.0;
				LD_RUNPATH_SEARCH_PATHS = (
					"$(inherited)",
					"@executable_path/Frameworks",
				);
				MARKETING_VERSION = 1.1.1;
				PRODUCT_BUNDLE_IDENTIFIER = "cnu.cse.dayo2n.diEAT-SwiftUI";
				PRODUCT_NAME = diEAT;
				PROVISIONING_PROFILE_SPECIFIER = "";
				SUPPORTED_PLATFORMS = "iphoneos iphonesimulator";
				SUPPORTS_MACCATALYST = NO;
				SUPPORTS_MAC_DESIGNED_FOR_IPHONE_IPAD = YES;
				SWIFT_EMIT_LOC_STRINGS = YES;
				SWIFT_VERSION = 5.0;
				TARGETED_DEVICE_FAMILY = "1,2";
			};
			name = Debug;
		};
		BF944B6528EB21AD0036B41F /* Release */ = {
			isa = XCBuildConfiguration;
			buildSettings = {
				ASSETCATALOG_COMPILER_APPICON_NAME = AppIcon;
				ASSETCATALOG_COMPILER_GLOBAL_ACCENT_COLOR_NAME = AccentColor;
				CODE_SIGN_IDENTITY = "Apple Development";
				CODE_SIGN_STYLE = Automatic;
				CURRENT_PROJECT_VERSION = 1;
				DEVELOPMENT_ASSET_PATHS = "\"diEAT/Resources/Preview Content\"";
				DEVELOPMENT_TEAM = 7D5PZJWQ9T;
				ENABLE_PREVIEWS = YES;
				GENERATE_INFOPLIST_FILE = YES;
				INFOPLIST_FILE = diEAT/Info.plist;
				INFOPLIST_KEY_LSApplicationCategoryType = "public.app-category.food-and-drink";
				INFOPLIST_KEY_UIApplicationSceneManifest_Generation = YES;
				INFOPLIST_KEY_UIApplicationSupportsIndirectInputEvents = YES;
				INFOPLIST_KEY_UILaunchScreen_Generation = YES;
				INFOPLIST_KEY_UISupportedInterfaceOrientations_iPad = "UIInterfaceOrientationPortrait UIInterfaceOrientationPortraitUpsideDown UIInterfaceOrientationLandscapeLeft UIInterfaceOrientationLandscapeRight";
				INFOPLIST_KEY_UISupportedInterfaceOrientations_iPhone = UIInterfaceOrientationPortrait;
				IPHONEOS_DEPLOYMENT_TARGET = 16.0;
				LD_RUNPATH_SEARCH_PATHS = (
					"$(inherited)",
					"@executable_path/Frameworks",
				);
				MARKETING_VERSION = 1.1.1;
				PRODUCT_BUNDLE_IDENTIFIER = "cnu.cse.dayo2n.diEAT-SwiftUI";
				PRODUCT_NAME = diEAT;
				PROVISIONING_PROFILE_SPECIFIER = "";
				SUPPORTED_PLATFORMS = "iphoneos iphonesimulator";
				SUPPORTS_MACCATALYST = NO;
				SUPPORTS_MAC_DESIGNED_FOR_IPHONE_IPAD = YES;
				SWIFT_EMIT_LOC_STRINGS = YES;
				SWIFT_VERSION = 5.0;
				TARGETED_DEVICE_FAMILY = "1,2";
			};
			name = Release;
		};
/* End XCBuildConfiguration section */

/* Begin XCConfigurationList section */
		BF944B5028EB21AB0036B41F /* Build configuration list for PBXProject "diEAT" */ = {
			isa = XCConfigurationList;
			buildConfigurations = (
				BF944B6128EB21AD0036B41F /* Debug */,
				BF944B6228EB21AD0036B41F /* Release */,
			);
			defaultConfigurationIsVisible = 0;
			defaultConfigurationName = Release;
		};
		BF944B6328EB21AD0036B41F /* Build configuration list for PBXNativeTarget "diEAT" */ = {
			isa = XCConfigurationList;
			buildConfigurations = (
				BF944B6428EB21AD0036B41F /* Debug */,
				BF944B6528EB21AD0036B41F /* Release */,
			);
			defaultConfigurationIsVisible = 0;
			defaultConfigurationName = Release;
		};
/* End XCConfigurationList section */

/* Begin XCRemoteSwiftPackageReference section */
		AD21F7A02B9F588A0097DCEB /* XCRemoteSwiftPackageReference "firebase-ios-sdk" */ = {
			isa = XCRemoteSwiftPackageReference;
			repositoryURL = "https://github.com/firebase/firebase-ios-sdk.git";
			requirement = {
				kind = upToNextMajorVersion;
				minimumVersion = 10.22.1;
			};
		};
		AD4897A529B9CF04004E2B2F /* XCRemoteSwiftPackageReference "Kingfisher" */ = {
			isa = XCRemoteSwiftPackageReference;
			repositoryURL = "https://github.com/onevcat/Kingfisher";
			requirement = {
				branch = master;
				kind = branch;
			};
		};
		AD4897A829B9CF22004E2B2F /* XCRemoteSwiftPackageReference "PopupView" */ = {
			isa = XCRemoteSwiftPackageReference;
			repositoryURL = "https://github.com/exyte/PopupView.git";
			requirement = {
				branch = master;
				kind = branch;
			};
		};
/* End XCRemoteSwiftPackageReference section */

/* Begin XCSwiftPackageProductDependency section */
		AD21F7A12B9F588A0097DCEB /* FirebaseAnalytics */ = {
			isa = XCSwiftPackageProductDependency;
			package = AD21F7A02B9F588A0097DCEB /* XCRemoteSwiftPackageReference "firebase-ios-sdk" */;
			productName = FirebaseAnalytics;
		};
		AD21F7A32B9F588A0097DCEB /* FirebaseAnalyticsOnDeviceConversion */ = {
			isa = XCSwiftPackageProductDependency;
			package = AD21F7A02B9F588A0097DCEB /* XCRemoteSwiftPackageReference "firebase-ios-sdk" */;
			productName = FirebaseAnalyticsOnDeviceConversion;
		};
		AD21F7A52B9F588A0097DCEB /* FirebaseAnalyticsSwift */ = {
			isa = XCSwiftPackageProductDependency;
			package = AD21F7A02B9F588A0097DCEB /* XCRemoteSwiftPackageReference "firebase-ios-sdk" */;
			productName = FirebaseAnalyticsSwift;
		};
		AD21F7A72B9F588A0097DCEB /* FirebaseAnalyticsWithoutAdIdSupport */ = {
			isa = XCSwiftPackageProductDependency;
			package = AD21F7A02B9F588A0097DCEB /* XCRemoteSwiftPackageReference "firebase-ios-sdk" */;
			productName = FirebaseAnalyticsWithoutAdIdSupport;
		};
		AD21F7A92B9F588A0097DCEB /* FirebaseAppCheck */ = {
			isa = XCSwiftPackageProductDependency;
			package = AD21F7A02B9F588A0097DCEB /* XCRemoteSwiftPackageReference "firebase-ios-sdk" */;
			productName = FirebaseAppCheck;
		};
		AD21F7AB2B9F588A0097DCEB /* FirebaseAppDistribution-Beta */ = {
			isa = XCSwiftPackageProductDependency;
			package = AD21F7A02B9F588A0097DCEB /* XCRemoteSwiftPackageReference "firebase-ios-sdk" */;
			productName = "FirebaseAppDistribution-Beta";
		};
		AD21F7AD2B9F588A0097DCEB /* FirebaseAuth */ = {
			isa = XCSwiftPackageProductDependency;
			package = AD21F7A02B9F588A0097DCEB /* XCRemoteSwiftPackageReference "firebase-ios-sdk" */;
			productName = FirebaseAuth;
		};
		AD21F7AF2B9F588A0097DCEB /* FirebaseAuthCombine-Community */ = {
			isa = XCSwiftPackageProductDependency;
			package = AD21F7A02B9F588A0097DCEB /* XCRemoteSwiftPackageReference "firebase-ios-sdk" */;
			productName = "FirebaseAuthCombine-Community";
		};
		AD21F7B12B9F588A0097DCEB /* FirebaseCrashlytics */ = {
			isa = XCSwiftPackageProductDependency;
			package = AD21F7A02B9F588A0097DCEB /* XCRemoteSwiftPackageReference "firebase-ios-sdk" */;
			productName = FirebaseCrashlytics;
		};
		AD21F7B32B9F588A0097DCEB /* FirebaseDatabase */ = {
			isa = XCSwiftPackageProductDependency;
			package = AD21F7A02B9F588A0097DCEB /* XCRemoteSwiftPackageReference "firebase-ios-sdk" */;
			productName = FirebaseDatabase;
		};
		AD21F7B52B9F588A0097DCEB /* FirebaseDatabaseSwift */ = {
			isa = XCSwiftPackageProductDependency;
			package = AD21F7A02B9F588A0097DCEB /* XCRemoteSwiftPackageReference "firebase-ios-sdk" */;
			productName = FirebaseDatabaseSwift;
		};
		AD21F7B72B9F588A0097DCEB /* FirebaseDynamicLinks */ = {
			isa = XCSwiftPackageProductDependency;
			package = AD21F7A02B9F588A0097DCEB /* XCRemoteSwiftPackageReference "firebase-ios-sdk" */;
			productName = FirebaseDynamicLinks;
		};
		AD21F7B92B9F588A0097DCEB /* FirebaseFirestore */ = {
			isa = XCSwiftPackageProductDependency;
			package = AD21F7A02B9F588A0097DCEB /* XCRemoteSwiftPackageReference "firebase-ios-sdk" */;
			productName = FirebaseFirestore;
		};
		AD21F7BB2B9F588A0097DCEB /* FirebaseFirestoreCombine-Community */ = {
			isa = XCSwiftPackageProductDependency;
			package = AD21F7A02B9F588A0097DCEB /* XCRemoteSwiftPackageReference "firebase-ios-sdk" */;
			productName = "FirebaseFirestoreCombine-Community";
		};
		AD21F7BD2B9F588A0097DCEB /* FirebaseFirestoreSwift */ = {
			isa = XCSwiftPackageProductDependency;
			package = AD21F7A02B9F588A0097DCEB /* XCRemoteSwiftPackageReference "firebase-ios-sdk" */;
			productName = FirebaseFirestoreSwift;
		};
		AD21F7BF2B9F588A0097DCEB /* FirebaseFunctions */ = {
			isa = XCSwiftPackageProductDependency;
			package = AD21F7A02B9F588A0097DCEB /* XCRemoteSwiftPackageReference "firebase-ios-sdk" */;
			productName = FirebaseFunctions;
		};
		AD21F7C12B9F588A0097DCEB /* FirebaseFunctionsCombine-Community */ = {
			isa = XCSwiftPackageProductDependency;
			package = AD21F7A02B9F588A0097DCEB /* XCRemoteSwiftPackageReference "firebase-ios-sdk" */;
			productName = "FirebaseFunctionsCombine-Community";
		};
		AD21F7C32B9F588A0097DCEB /* FirebaseInAppMessaging-Beta */ = {
			isa = XCSwiftPackageProductDependency;
			package = AD21F7A02B9F588A0097DCEB /* XCRemoteSwiftPackageReference "firebase-ios-sdk" */;
			productName = "FirebaseInAppMessaging-Beta";
		};
		AD21F7C52B9F588A0097DCEB /* FirebaseInAppMessagingSwift-Beta */ = {
			isa = XCSwiftPackageProductDependency;
			package = AD21F7A02B9F588A0097DCEB /* XCRemoteSwiftPackageReference "firebase-ios-sdk" */;
			productName = "FirebaseInAppMessagingSwift-Beta";
		};
		AD21F7C72B9F588A0097DCEB /* FirebaseInstallations */ = {
			isa = XCSwiftPackageProductDependency;
			package = AD21F7A02B9F588A0097DCEB /* XCRemoteSwiftPackageReference "firebase-ios-sdk" */;
			productName = FirebaseInstallations;
		};
		AD21F7C92B9F588A0097DCEB /* FirebaseMLModelDownloader */ = {
			isa = XCSwiftPackageProductDependency;
			package = AD21F7A02B9F588A0097DCEB /* XCRemoteSwiftPackageReference "firebase-ios-sdk" */;
			productName = FirebaseMLModelDownloader;
		};
		AD21F7CB2B9F588A0097DCEB /* FirebaseMessaging */ = {
			isa = XCSwiftPackageProductDependency;
			package = AD21F7A02B9F588A0097DCEB /* XCRemoteSwiftPackageReference "firebase-ios-sdk" */;
			productName = FirebaseMessaging;
		};
		AD21F7CD2B9F588A0097DCEB /* FirebasePerformance */ = {
			isa = XCSwiftPackageProductDependency;
			package = AD21F7A02B9F588A0097DCEB /* XCRemoteSwiftPackageReference "firebase-ios-sdk" */;
			productName = FirebasePerformance;
		};
		AD21F7CF2B9F588A0097DCEB /* FirebaseRemoteConfig */ = {
			isa = XCSwiftPackageProductDependency;
			package = AD21F7A02B9F588A0097DCEB /* XCRemoteSwiftPackageReference "firebase-ios-sdk" */;
			productName = FirebaseRemoteConfig;
		};
		AD21F7D12B9F588A0097DCEB /* FirebaseRemoteConfigSwift */ = {
			isa = XCSwiftPackageProductDependency;
			package = AD21F7A02B9F588A0097DCEB /* XCRemoteSwiftPackageReference "firebase-ios-sdk" */;
			productName = FirebaseRemoteConfigSwift;
		};
		AD21F7D32B9F588A0097DCEB /* FirebaseStorage */ = {
			isa = XCSwiftPackageProductDependency;
			package = AD21F7A02B9F588A0097DCEB /* XCRemoteSwiftPackageReference "firebase-ios-sdk" */;
			productName = FirebaseStorage;
		};
		AD21F7D52B9F588A0097DCEB /* FirebaseStorageCombine-Community */ = {
			isa = XCSwiftPackageProductDependency;
			package = AD21F7A02B9F588A0097DCEB /* XCRemoteSwiftPackageReference "firebase-ios-sdk" */;
			productName = "FirebaseStorageCombine-Community";
		};
		AD4897A629B9CF04004E2B2F /* Kingfisher */ = {
			isa = XCSwiftPackageProductDependency;
			package = AD4897A529B9CF04004E2B2F /* XCRemoteSwiftPackageReference "Kingfisher" */;
			productName = Kingfisher;
		};
		AD4897A929B9CF22004E2B2F /* PopupView */ = {
			isa = XCSwiftPackageProductDependency;
			package = AD4897A829B9CF22004E2B2F /* XCRemoteSwiftPackageReference "PopupView" */;
			productName = PopupView;
		};
/* End XCSwiftPackageProductDependency section */
	};
	rootObject = BF944B4D28EB21AB0036B41F /* Project object */;
}
